
Microsoft Visual Studio Solution File, Format Version 12.00
# Visual Studio Version 17
Project("{2150E333-8FDC-42A3-9474-1A3956D46DE8}") = "CMakePredefinedTargets", "CMakePredefinedTargets", "{1667C474-5162-3884-A0F6-58B94583B6B2}"
EndProject
Project("{2150E333-8FDC-42A3-9474-1A3956D46DE8}") = "External", "External", "{E7A718E0-7D43-3872-A91F-77AB5828040F}"
EndProject
Project("{2150E333-8FDC-42A3-9474-1A3956D46DE8}") = "Internal", "Internal", "{7A473659-8A9B-3A10-9421-71ADF06BA7D2}"
EndProject
Project("{8BC9CEB8-8B4A-11D0-8D11-00A0C91BC942}") = "ALL_BUILD", "ALL_BUILD.vcxproj", "{B7AF4B24-6881-3254-BB43-EEA77C419B31}"
	ProjectSection(ProjectDependencies) = postProject
		{501D65A6-EF56-3494-B418-83325365951D} = {501D65A6-EF56-3494-B418-83325365951D}
		{80ADEF03-396A-3BC4-9518-0A2D4A6D2A7E} = {80ADEF03-396A-3BC4-9518-0A2D4A6D2A7E}
		{08A89D36-AE33-3EAF-9F1F-31DA3806E6D9} = {08A89D36-AE33-3EAF-9F1F-31DA3806E6D9}
		{3F2CF602-002B-3232-A00C-3DA5C972C0A5} = {3F2CF602-002B-3232-A00C-3DA5C972C0A5}
		{BE2FAD87-C251-36F0-AD86-65D63D0E8867} = {BE2FAD87-C251-36F0-AD86-65D63D0E8867}
		{6944C5EC-7343-3DEF-A6ED-31CFAA2FD76D} = {6944C5EC-7343-3DEF-A6ED-31CFAA2FD76D}
		{798D5478-EA5E-324A-A8E3-559C6FF5DB82} = {798D5478-EA5E-324A-A8E3-559C6FF5DB82}
		{62CD9877-A0CC-35F5-A5BA-E75CE68B7F62} = {62CD9877-A0CC-35F5-A5BA-E75CE68B7F62}
		{0EDDFED2-0FA1-316C-A8E0-669485C21114} = {0EDDFED2-0FA1-316C-A8E0-669485C21114}
		{9E4C0677-B825-3E6E-859A-E56D32B11CD7} = {9E4C0677-B825-3E6E-859A-E56D32B11CD7}
		{BB69601F-6DE2-370A-A51D-167DA0C86456} = {BB69601F-6DE2-370A-A51D-167DA0C86456}
		{2B36E211-64DC-3DB7-94FD-9BA965C1C3F5} = {2B36E211-64DC-3DB7-94FD-9BA965C1C3F5}
		{7B2BE1AF-1BBB-38CA-A69A-6404C156DD7E} = {7B2BE1AF-1BBB-38CA-A69A-6404C156DD7E}
	EndProjectSection
EndProject
Project("{8BC9CEB8-8B4A-11D0-8D11-00A0C91BC942}") = "ZERO_CHECK", "..\..\..\\ZERO_CHECK.vcxproj", "{501D65A6-EF56-3494-B418-83325365951D}"
	ProjectSection(ProjectDependencies) = postProject
	EndProjectSection
EndProject
Project("{8BC9CEB8-8B4A-11D0-8D11-00A0C91BC942}") = "cocos2d", "cocos2d.vcxproj", "{80ADEF03-396A-3BC4-9518-0A2D4A6D2A7E}"
	ProjectSection(ProjectDependencies) = postProject
		{501D65A6-EF56-3494-B418-83325365951D} = {501D65A6-EF56-3494-B418-83325365951D}
		{08A89D36-AE33-3EAF-9F1F-31DA3806E6D9} = {08A89D36-AE33-3EAF-9F1F-31DA3806E6D9}
		{3F2CF602-002B-3232-A00C-3DA5C972C0A5} = {3F2CF602-002B-3232-A00C-3DA5C972C0A5}
		{BE2FAD87-C251-36F0-AD86-65D63D0E8867} = {BE2FAD87-C251-36F0-AD86-65D63D0E8867}
		{6944C5EC-7343-3DEF-A6ED-31CFAA2FD76D} = {6944C5EC-7343-3DEF-A6ED-31CFAA2FD76D}
		{798D5478-EA5E-324A-A8E3-559C6FF5DB82} = {798D5478-EA5E-324A-A8E3-559C6FF5DB82}
		{62CD9877-A0CC-35F5-A5BA-E75CE68B7F62} = {62CD9877-A0CC-35F5-A5BA-E75CE68B7F62}
		{0EDDFED2-0FA1-316C-A8E0-669485C21114} = {0EDDFED2-0FA1-316C-A8E0-669485C21114}
		{9E4C0677-B825-3E6E-859A-E56D32B11CD7} = {9E4C0677-B825-3E6E-859A-E56D32B11CD7}
		{BB69601F-6DE2-370A-A51D-167DA0C86456} = {BB69601F-6DE2-370A-A51D-167DA0C86456}
		{2B36E211-64DC-3DB7-94FD-9BA965C1C3F5} = {2B36E211-64DC-3DB7-94FD-9BA965C1C3F5}
		{7B2BE1AF-1BBB-38CA-A69A-6404C156DD7E} = {7B2BE1AF-1BBB-38CA-A69A-6404C156DD7E}
	EndProjectSection
EndProject
Project("{8BC9CEB8-8B4A-11D0-8D11-00A0C91BC942}") = "ext_clipper", "..\..\external\clipper\ext_clipper.vcxproj", "{08A89D36-AE33-3EAF-9F1F-31DA3806E6D9}"
	ProjectSection(ProjectDependencies) = postProject
		{501D65A6-EF56-3494-B418-83325365951D} = {501D65A6-EF56-3494-B418-83325365951D}
	EndProjectSection
EndProject
Project("{8BC9CEB8-8B4A-11D0-8D11-00A0C91BC942}") = "ext_convertUTF", "..\..\external\ConvertUTF\ext_convertUTF.vcxproj", "{3F2CF602-002B-3232-A00C-3DA5C972C0A5}"
	ProjectSection(ProjectDependencies) = postProject
		{501D65A6-EF56-3494-B418-83325365951D} = {501D65A6-EF56-3494-B418-83325365951D}
	EndProjectSection
EndProject
Project("{8BC9CEB8-8B4A-11D0-8D11-00A0C91BC942}") = "ext_edtaa3func", "..\..\external\edtaa3func\ext_edtaa3func.vcxproj", "{BE2FAD87-C251-36F0-AD86-65D63D0E8867}"
	ProjectSection(ProjectDependencies) = postProject
		{501D65A6-EF56-3494-B418-83325365951D} = {501D65A6-EF56-3494-B418-83325365951D}
	EndProjectSection
EndProject
Project("{8BC9CEB8-8B4A-11D0-8D11-00A0C91BC942}") = "ext_md5", "..\..\external\md5\ext_md5.vcxproj", "{6944C5EC-7343-3DEF-A6ED-31CFAA2FD76D}"
	ProjectSection(ProjectDependencies) = postProject
		{501D65A6-EF56-3494-B418-83325365951D} = {501D65A6-EF56-3494-B418-83325365951D}
	EndProjectSection
EndProject
Project("{8BC9CEB8-8B4A-11D0-8D11-00A0C91BC942}") = "ext_poly2tri", "..\..\external\poly2tri\ext_poly2tri.vcxproj", "{798D5478-EA5E-324A-A8E3-559C6FF5DB82}"
	ProjectSection(ProjectDependencies) = postProject
		{501D65A6-EF56-3494-B418-83325365951D} = {501D65A6-EF56-3494-B418-83325365951D}
	EndProjectSection
EndProject
Project("{8BC9CEB8-8B4A-11D0-8D11-00A0C91BC942}") = "ext_recast", "..\..\external\recast\ext_recast.vcxproj", "{62CD9877-A0CC-35F5-A5BA-E75CE68B7F62}"
	ProjectSection(ProjectDependencies) = postProject
		{501D65A6-EF56-3494-B418-83325365951D} = {501D65A6-EF56-3494-B418-83325365951D}
	EndProjectSection
EndProject
Project("{8BC9CEB8-8B4A-11D0-8D11-00A0C91BC942}") = "ext_tinyxml2", "..\..\external\tinyxml2\ext_tinyxml2.vcxproj", "{0EDDFED2-0FA1-316C-A8E0-669485C21114}"
	ProjectSection(ProjectDependencies) = postProject
		{501D65A6-EF56-3494-B418-83325365951D} = {501D65A6-EF56-3494-B418-83325365951D}
	EndProjectSection
EndProject
Project("{8BC9CEB8-8B4A-11D0-8D11-00A0C91BC942}") = "ext_unzip", "..\..\external\unzip\ext_unzip.vcxproj", "{9E4C0677-B825-3E6E-859A-E56D32B11CD7}"
	ProjectSection(ProjectDependencies) = postProject
		{501D65A6-EF56-3494-B418-83325365951D} = {501D65A6-EF56-3494-B418-83325365951D}
	EndProjectSection
EndProject
Project("{8BC9CEB8-8B4A-11D0-8D11-00A0C91BC942}") = "ext_xxhash", "..\..\external\xxhash\ext_xxhash.vcxproj", "{BB69601F-6DE2-370A-A51D-167DA0C86456}"
	ProjectSection(ProjectDependencies) = postProject
		{501D65A6-EF56-3494-B418-83325365951D} = {501D65A6-EF56-3494-B418-83325365951D}
	EndProjectSection
EndProject
Project("{8BC9CEB8-8B4A-11D0-8D11-00A0C91BC942}") = "ext_xxtea", "..\..\external\xxtea\ext_xxtea.vcxproj", "{2B36E211-64DC-3DB7-94FD-9BA965C1C3F5}"
	ProjectSection(ProjectDependencies) = postProject
		{501D65A6-EF56-3494-B418-83325365951D} = {501D65A6-EF56-3494-B418-83325365951D}
	EndProjectSection
EndProject
Project("{8BC9CEB8-8B4A-11D0-8D11-00A0C91BC942}") = "external", "..\..\external\external.vcxproj", "{7B2BE1AF-1BBB-38CA-A69A-6404C156DD7E}"
	ProjectSection(ProjectDependencies) = postProject
		{501D65A6-EF56-3494-B418-83325365951D} = {501D65A6-EF56-3494-B418-83325365951D}
		{08A89D36-AE33-3EAF-9F1F-31DA3806E6D9} = {08A89D36-AE33-3EAF-9F1F-31DA3806E6D9}
		{3F2CF602-002B-3232-A00C-3DA5C972C0A5} = {3F2CF602-002B-3232-A00C-3DA5C972C0A5}
		{BE2FAD87-C251-36F0-AD86-65D63D0E8867} = {BE2FAD87-C251-36F0-AD86-65D63D0E8867}
		{6944C5EC-7343-3DEF-A6ED-31CFAA2FD76D} = {6944C5EC-7343-3DEF-A6ED-31CFAA2FD76D}
		{798D5478-EA5E-324A-A8E3-559C6FF5DB82} = {798D5478-EA5E-324A-A8E3-559C6FF5DB82}
		{62CD9877-A0CC-35F5-A5BA-E75CE68B7F62} = {62CD9877-A0CC-35F5-A5BA-E75CE68B7F62}
		{0EDDFED2-0FA1-316C-A8E0-669485C21114} = {0EDDFED2-0FA1-316C-A8E0-669485C21114}
		{9E4C0677-B825-3E6E-859A-E56D32B11CD7} = {9E4C0677-B825-3E6E-859A-E56D32B11CD7}
		{BB69601F-6DE2-370A-A51D-167DA0C86456} = {BB69601F-6DE2-370A-A51D-167DA0C86456}
		{2B36E211-64DC-3DB7-94FD-9BA965C1C3F5} = {2B36E211-64DC-3DB7-94FD-9BA965C1C3F5}
	EndProjectSection
EndProject
Global
	GlobalSection(SolutionConfigurationPlatforms) = preSolution
		Debug|Win32 = Debug|Win32
		Release|Win32 = Release|Win32
		MinSizeRel|Win32 = MinSizeRel|Win32
		RelWithDebInfo|Win32 = RelWithDebInfo|Win32
	EndGlobalSection
	GlobalSection(ProjectConfigurationPlatforms) = postSolution
		{B7AF4B24-6881-3254-BB43-EEA77C419B31}.Debug|Win32.ActiveCfg = Debug|Win32
		{B7AF4B24-6881-3254-BB43-EEA77C419B31}.Release|Win32.ActiveCfg = Release|Win32
		{B7AF4B24-6881-3254-BB43-EEA77C419B31}.MinSizeRel|Win32.ActiveCfg = MinSizeRel|Win32
		{B7AF4B24-6881-3254-BB43-EEA77C419B31}.RelWithDebInfo|Win32.ActiveCfg = RelWithDebInfo|Win32
		{501D65A6-EF56-3494-B418-83325365951D}.Debug|Win32.ActiveCfg = Debug|Win32
		{501D65A6-EF56-3494-B418-83325365951D}.Debug|Win32.Build.0 = Debug|Win32
		{501D65A6-EF56-3494-B418-83325365951D}.Release|Win32.ActiveCfg = Release|Win32
		{501D65A6-EF56-3494-B418-83325365951D}.Release|Win32.Build.0 = Release|Win32
		{501D65A6-EF56-3494-B418-83325365951D}.MinSizeRel|Win32.ActiveCfg = MinSizeRel|Win32
		{501D65A6-EF56-3494-B418-83325365951D}.MinSizeRel|Win32.Build.0 = MinSizeRel|Win32
		{501D65A6-EF56-3494-B418-83325365951D}.RelWithDebInfo|Win32.ActiveCfg = RelWithDebInfo|Win32
		{501D65A6-EF56-3494-B418-83325365951D}.RelWithDebInfo|Win32.Build.0 = RelWithDebInfo|Win32
		{80ADEF03-396A-3BC4-9518-0A2D4A6D2A7E}.Debug|Win32.ActiveCfg = Debug|Win32
		{80ADEF03-396A-3BC4-9518-0A2D4A6D2A7E}.Debug|Win32.Build.0 = Debug|Win32
		{80ADEF03-396A-3BC4-9518-0A2D4A6D2A7E}.Release|Win32.ActiveCfg = Release|Win32
		{80ADEF03-396A-3BC4-9518-0A2D4A6D2A7E}.Release|Win32.Build.0 = Release|Win32
		{80ADEF03-396A-3BC4-9518-0A2D4A6D2A7E}.MinSizeRel|Win32.ActiveCfg = MinSizeRel|Win32
		{80ADEF03-396A-3BC4-9518-0A2D4A6D2A7E}.MinSizeRel|Win32.Build.0 = MinSizeRel|Win32
		{80ADEF03-396A-3BC4-9518-0A2D4A6D2A7E}.RelWithDebInfo|Win32.ActiveCfg = RelWithDebInfo|Win32
		{80ADEF03-396A-3BC4-9518-0A2D4A6D2A7E}.RelWithDebInfo|Win32.Build.0 = RelWithDebInfo|Win32
		{08A89D36-AE33-3EAF-9F1F-31DA3806E6D9}.Debug|Win32.ActiveCfg = Debug|Win32
		{08A89D36-AE33-3EAF-9F1F-31DA3806E6D9}.Debug|Win32.Build.0 = Debug|Win32
		{08A89D36-AE33-3EAF-9F1F-31DA3806E6D9}.Release|Win32.ActiveCfg = Release|Win32
		{08A89D36-AE33-3EAF-9F1F-31DA3806E6D9}.Release|Win32.Build.0 = Release|Win32
		{08A89D36-AE33-3EAF-9F1F-31DA3806E6D9}.MinSizeRel|Win32.ActiveCfg = MinSizeRel|Win32
		{08A89D36-AE33-3EAF-9F1F-31DA3806E6D9}.MinSizeRel|Win32.Build.0 = MinSizeRel|Win32
		{08A89D36-AE33-3EAF-9F1F-31DA3806E6D9}.RelWithDebInfo|Win32.ActiveCfg = RelWithDebInfo|Win32
		{08A89D36-AE33-3EAF-9F1F-31DA3806E6D9}.RelWithDebInfo|Win32.Build.0 = RelWithDebInfo|Win32
		{3F2CF602-002B-3232-A00C-3DA5C972C0A5}.Debug|Win32.ActiveCfg = Debug|Win32
		{3F2CF602-002B-3232-A00C-3DA5C972C0A5}.Debug|Win32.Build.0 = Debug|Win32
		{3F2CF602-002B-3232-A00C-3DA5C972C0A5}.Release|Win32.ActiveCfg = Release|Win32
		{3F2CF602-002B-3232-A00C-3DA5C972C0A5}.Release|Win32.Build.0 = Release|Win32
		{3F2CF602-002B-3232-A00C-3DA5C972C0A5}.MinSizeRel|Win32.ActiveCfg = MinSizeRel|Win32
		{3F2CF602-002B-3232-A00C-3DA5C972C0A5}.MinSizeRel|Win32.Build.0 = MinSizeRel|Win32
		{3F2CF602-002B-3232-A00C-3DA5C972C0A5}.RelWithDebInfo|Win32.ActiveCfg = RelWithDebInfo|Win32
		{3F2CF602-002B-3232-A00C-3DA5C972C0A5}.RelWithDebInfo|Win32.Build.0 = RelWithDebInfo|Win32
		{BE2FAD87-C251-36F0-AD86-65D63D0E8867}.Debug|Win32.ActiveCfg = Debug|Win32
		{BE2FAD87-C251-36F0-AD86-65D63D0E8867}.Debug|Win32.Build.0 = Debug|Win32
		{BE2FAD87-C251-36F0-AD86-65D63D0E8867}.Release|Win32.ActiveCfg = Release|Win32
		{BE2FAD87-C251-36F0-AD86-65D63D0E8867}.Release|Win32.Build.0 = Release|Win32
		{BE2FAD87-C251-36F0-AD86-65D63D0E8867}.MinSizeRel|Win32.ActiveCfg = MinSizeRel|Win32
		{BE2FAD87-C251-36F0-AD86-65D63D0E8867}.MinSizeRel|Win32.Build.0 = MinSizeRel|Win32
		{BE2FAD87-C251-36F0-AD86-65D63D0E8867}.RelWithDebInfo|Win32.ActiveCfg = RelWithDebInfo|Win32
		{BE2FAD87-C251-36F0-AD86-65D63D0E8867}.RelWithDebInfo|Win32.Build.0 = RelWithDebInfo|Win32
		{6944C5EC-7343-3DEF-A6ED-31CFAA2FD76D}.Debug|Win32.ActiveCfg = Debug|Win32
		{6944C5EC-7343-3DEF-A6ED-31CFAA2FD76D}.Debug|Win32.Build.0 = Debug|Win32
		{6944C5EC-7343-3DEF-A6ED-31CFAA2FD76D}.Release|Win32.ActiveCfg = Release|Win32
		{6944C5EC-7343-3DEF-A6ED-31CFAA2FD76D}.Release|Win32.Build.0 = Release|Win32
		{6944C5EC-7343-3DEF-A6ED-31CFAA2FD76D}.MinSizeRel|Win32.ActiveCfg = MinSizeRel|Win32
		{6944C5EC-7343-3DEF-A6ED-31CFAA2FD76D}.MinSizeRel|Win32.Build.0 = MinSizeRel|Win32
		{6944C5EC-7343-3DEF-A6ED-31CFAA2FD76D}.RelWithDebInfo|Win32.ActiveCfg = RelWithDebInfo|Win32
		{6944C5EC-7343-3DEF-A6ED-31CFAA2FD76D}.RelWithDebInfo|Win32.Build.0 = RelWithDebInfo|Win32
		{798D5478-EA5E-324A-A8E3-559C6FF5DB82}.Debug|Win32.ActiveCfg = Debug|Win32
		{798D5478-EA5E-324A-A8E3-559C6FF5DB82}.Debug|Win32.Build.0 = Debug|Win32
		{798D5478-EA5E-324A-A8E3-559C6FF5DB82}.Release|Win32.ActiveCfg = Release|Win32
		{798D5478-EA5E-324A-A8E3-559C6FF5DB82}.Release|Win32.Build.0 = Release|Win32
		{798D5478-EA5E-324A-A8E3-559C6FF5DB82}.MinSizeRel|Win32.ActiveCfg = MinSizeRel|Win32
		{798D5478-EA5E-324A-A8E3-559C6FF5DB82}.MinSizeRel|Win32.Build.0 = MinSizeRel|Win32
		{798D5478-EA5E-324A-A8E3-559C6FF5DB82}.RelWithDebInfo|Win32.ActiveCfg = RelWithDebInfo|Win32
		{798D5478-EA5E-324A-A8E3-559C6FF5DB82}.RelWithDebInfo|Win32.Build.0 = RelWithDebInfo|Win32
		{62CD9877-A0CC-35F5-A5BA-E75CE68B7F62}.Debug|Win32.ActiveCfg = Debug|Win32
		{62CD9877-A0CC-35F5-A5BA-E75CE68B7F62}.Debug|Win32.Build.0 = Debug|Win32
		{62CD9877-A0CC-35F5-A5BA-E75CE68B7F62}.Release|Win32.ActiveCfg = Release|Win32
		{62CD9877-A0CC-35F5-A5BA-E75CE68B7F62}.Release|Win32.Build.0 = Release|Win32
		{62CD9877-A0CC-35F5-A5BA-E75CE68B7F62}.MinSizeRel|Win32.ActiveCfg = MinSizeRel|Win32
		{62CD9877-A0CC-35F5-A5BA-E75CE68B7F62}.MinSizeRel|Win32.Build.0 = MinSizeRel|Win32
		{62CD9877-A0CC-35F5-A5BA-E75CE68B7F62}.RelWithDebInfo|Win32.ActiveCfg = RelWithDebInfo|Win32
		{62CD9877-A0CC-35F5-A5BA-E75CE68B7F62}.RelWithDebInfo|Win32.Build.0 = RelWithDebInfo|Win32
		{0EDDFED2-0FA1-316C-A8E0-669485C21114}.Debug|Win32.ActiveCfg = Debug|Win32
		{0EDDFED2-0FA1-316C-A8E0-669485C21114}.Debug|Win32.Build.0 = Debug|Win32
		{0EDDFED2-0FA1-316C-A8E0-669485C21114}.Release|Win32.ActiveCfg = Release|Win32
		{0EDDFED2-0FA1-316C-A8E0-669485C21114}.Release|Win32.Build.0 = Release|Win32
		{0EDDFED2-0FA1-316C-A8E0-669485C21114}.MinSizeRel|Win32.ActiveCfg = MinSizeRel|Win32
		{0EDDFED2-0FA1-316C-A8E0-669485C21114}.MinSizeRel|Win32.Build.0 = MinSizeRel|Win32
		{0EDDFED2-0FA1-316C-A8E0-669485C21114}.RelWithDebInfo|Win32.ActiveCfg = RelWithDebInfo|Win32
		{0EDDFED2-0FA1-316C-A8E0-669485C21114}.RelWithDebInfo|Win32.Build.0 = RelWithDebInfo|Win32
		{9E4C0677-B825-3E6E-859A-E56D32B11CD7}.Debug|Win32.ActiveCfg = Debug|Win32
		{9E4C0677-B825-3E6E-859A-E56D32B11CD7}.Debug|Win32.Build.0 = Debug|Win32
		{9E4C0677-B825-3E6E-859A-E56D32B11CD7}.Release|Win32.ActiveCfg = Release|Win32
		{9E4C0677-B825-3E6E-859A-E56D32B11CD7}.Release|Win32.Build.0 = Release|Win32
		{9E4C0677-B825-3E6E-859A-E56D32B11CD7}.MinSizeRel|Win32.ActiveCfg = MinSizeRel|Win32
		{9E4C0677-B825-3E6E-859A-E56D32B11CD7}.MinSizeRel|Win32.Build.0 = MinSizeRel|Win32
		{9E4C0677-B825-3E6E-859A-E56D32B11CD7}.RelWithDebInfo|Win32.ActiveCfg = RelWithDebInfo|Win32
		{9E4C0677-B825-3E6E-859A-E56D32B11CD7}.RelWithDebInfo|Win32.Build.0 = RelWithDebInfo|Win32
		{BB69601F-6DE2-370A-A51D-167DA0C86456}.Debug|Win32.ActiveCfg = Debug|Win32
		{BB69601F-6DE2-370A-A51D-167DA0C86456}.Debug|Win32.Build.0 = Debug|Win32
		{BB69601F-6DE2-370A-A51D-167DA0C86456}.Release|Win32.ActiveCfg = Release|Win32
		{BB69601F-6DE2-370A-A51D-167DA0C86456}.Release|Win32.Build.0 = Release|Win32
		{BB69601F-6DE2-370A-A51D-167DA0C86456}.MinSizeRel|Win32.ActiveCfg = MinSizeRel|Win32
		{BB69601F-6DE2-370A-A51D-167DA0C86456}.MinSizeRel|Win32.Build.0 = MinSizeRel|Win32
		{BB69601F-6DE2-370A-A51D-167DA0C86456}.RelWithDebInfo|Win32.ActiveCfg = RelWithDebInfo|Win32
		{BB69601F-6DE2-370A-A51D-167DA0C86456}.RelWithDebInfo|Win32.Build.0 = RelWithDebInfo|Win32
		{2B36E211-64DC-3DB7-94FD-9BA965C1C3F5}.Debug|Win32.ActiveCfg = Debug|Win32
		{2B36E211-64DC-3DB7-94FD-9BA965C1C3F5}.Debug|Win32.Build.0 = Debug|Win32
		{2B36E211-64DC-3DB7-94FD-9BA965C1C3F5}.Release|Win32.ActiveCfg = Release|Win32
		{2B36E211-64DC-3DB7-94FD-9BA965C1C3F5}.Release|Win32.Build.0 = Release|Win32
		{2B36E211-64DC-3DB7-94FD-9BA965C1C3F5}.MinSizeRel|Win32.ActiveCfg = MinSizeRel|Win32
		{2B36E211-64DC-3DB7-94FD-9BA965C1C3F5}.MinSizeRel|Win32.Build.0 = MinSizeRel|Win32
		{2B36E211-64DC-3DB7-94FD-9BA965C1C3F5}.RelWithDebInfo|Win32.ActiveCfg = RelWithDebInfo|Win32
		{2B36E211-64DC-3DB7-94FD-9BA965C1C3F5}.RelWithDebInfo|Win32.Build.0 = RelWithDebInfo|Win32
		{7B2BE1AF-1BBB-38CA-A69A-6404C156DD7E}.Debug|Win32.ActiveCfg = Debug|Win32
		{7B2BE1AF-1BBB-38CA-A69A-6404C156DD7E}.Debug|Win32.Build.0 = Debug|Win32
		{7B2BE1AF-1BBB-38CA-A69A-6404C156DD7E}.Release|Win32.ActiveCfg = Release|Win32
		{7B2BE1AF-1BBB-38CA-A69A-6404C156DD7E}.Release|Win32.Build.0 = Release|Win32
		{7B2BE1AF-1BBB-38CA-A69A-6404C156DD7E}.MinSizeRel|Win32.ActiveCfg = MinSizeRel|Win32
		{7B2BE1AF-1BBB-38CA-A69A-6404C156DD7E}.MinSizeRel|Win32.Build.0 = MinSizeRel|Win32
		{7B2BE1AF-1BBB-38CA-A69A-6404C156DD7E}.RelWithDebInfo|Win32.ActiveCfg = RelWithDebInfo|Win32
		{7B2BE1AF-1BBB-38CA-A69A-6404C156DD7E}.RelWithDebInfo|Win32.Build.0 = RelWithDebInfo|Win32
	EndGlobalSection
	GlobalSection(NestedProjects) = preSolution
		{B7AF4B24-6881-3254-BB43-EEA77C419B31} = {1667C474-5162-3884-A0F6-58B94583B6B2}
		{501D65A6-EF56-3494-B418-83325365951D} = {1667C474-5162-3884-A0F6-58B94583B6B2}
		{08A89D36-AE33-3EAF-9F1F-31DA3806E6D9} = {E7A718E0-7D43-3872-A91F-77AB5828040F}
		{3F2CF602-002B-3232-A00C-3DA5C972C0A5} = {E7A718E0-7D43-3872-A91F-77AB5828040F}
		{BE2FAD87-C251-36F0-AD86-65D63D0E8867} = {E7A718E0-7D43-3872-A91F-77AB5828040F}
		{6944C5EC-7343-3DEF-A6ED-31CFAA2FD76D} = {E7A718E0-7D43-3872-A91F-77AB5828040F}
		{798D5478-EA5E-324A-A8E3-559C6FF5DB82} = {E7A718E0-7D43-3872-A91F-77AB5828040F}
		{62CD9877-A0CC-35F5-A5BA-E75CE68B7F62} = {E7A718E0-7D43-3872-A91F-77AB5828040F}
		{0EDDFED2-0FA1-316C-A8E0-669485C21114} = {E7A718E0-7D43-3872-A91F-77AB5828040F}
		{9E4C0677-B825-3E6E-859A-E56D32B11CD7} = {E7A718E0-7D43-3872-A91F-77AB5828040F}
		{BB69601F-6DE2-370A-A51D-167DA0C86456} = {E7A718E0-7D43-3872-A91F-77AB5828040F}
		{2B36E211-64DC-3DB7-94FD-9BA965C1C3F5} = {E7A718E0-7D43-3872-A91F-77AB5828040F}
		{7B2BE1AF-1BBB-38CA-A69A-6404C156DD7E} = {E7A718E0-7D43-3872-A91F-77AB5828040F}
		{80ADEF03-396A-3BC4-9518-0A2D4A6D2A7E} = {7A473659-8A9B-3A10-9421-71ADF06BA7D2}
	EndGlobalSection
	GlobalSection(ExtensibilityGlobals) = postSolution
		SolutionGuid = {F4B2CD5C-5CA9-3891-B0FD-E372D93B8D34}
	EndGlobalSection
	GlobalSection(ExtensibilityAddIns) = postSolution
	EndGlobalSection
EndGlobal
